
Microsoft Visual Studio Solution File, Format Version 12.00
# Visual Studio Version 17
VisualStudioVersion = 17.7.34009.444
MinimumVisualStudioVersion = 10.0.40219.1
Project("{888888A0-9F3D-457C-B088-3A5042F75D52}") = "LISTAPYTHON", "LISTAPYTHON.pyproj", "{5CA4E44F-7BA4-4A20-A894-BC2EA96D241A}"
EndProject
Global
	GlobalSection(SolutionConfigurationPlatforms) = preSolution
		Debug|Any CPU = Debug|Any CPU
		Release|Any CPU = Release|Any CPU
	EndGlobalSection
	GlobalSection(ProjectConfigurationPlatforms) = postSolution
		{5CA4E44F-7BA4-4A20-A894-BC2EA96D241A}.Debug|Any CPU.ActiveCfg = Debug|Any CPU
		{5CA4E44F-7BA4-4A20-A894-BC2EA96D241A}.Release|Any CPU.ActiveCfg = Release|Any CPU
	EndGlobalSection
	GlobalSection(SolutionProperties) = preSolution
		HideSolutionNode = FALSE
	EndGlobalSection
	GlobalSection(ExtensibilityGlobals) = postSolution
		SolutionGuid = {F4F23874-2B84-4560-8630-13406EDB9E49}
	EndGlobalSection
EndGlobal
